
Microsoft Visual Studio Solution File, Format Version 12.00
# Visual Studio Version 17
VisualStudioVersion = 17.10.34928.147
MinimumVisualStudioVersion = 10.0.40219.1
Project("{FAE04EC0-301F-11D3-BF4B-00C04F79EFBC}") = "Hotel_Una_Legacy", "Hotel_Una_Legacy.csproj", "{24658A84-717A-4DE6-AAA6-2133387296C6}"
EndProject
Global
	GlobalSection(SolutionConfigurationPlatforms) = preSolution
		Debug|Any CPU = Debug|Any CPU
		Release|Any CPU = Release|Any CPU
	EndGlobalSection
	GlobalSection(ProjectConfigurationPlatforms) = postSolution
		{24658A84-717A-4DE6-AAA6-2133387296C6}.Debug|Any CPU.ActiveCfg = Debug|Any CPU
		{24658A84-717A-4DE6-AAA6-2133387296C6}.Debug|Any CPU.Build.0 = Debug|Any CPU
		{24658A84-717A-4DE6-AAA6-2133387296C6}.Release|Any CPU.ActiveCfg = Release|Any CPU
		{24658A84-717A-4DE6-AAA6-2133387296C6}.Release|Any CPU.Build.0 = Release|Any CPU
	EndGlobalSection
	GlobalSection(SolutionProperties) = preSolution
		HideSolutionNode = FALSE
	EndGlobalSection
	GlobalSection(ExtensibilityGlobals) = postSolution
		SolutionGuid = {FA980065-1522-4CE7-AE12-FF26A93AD7E7}
	EndGlobalSection
EndGlobal
